
Microsoft Visual Studio Solution File, Format Version 12.00
# Visual Studio Version 17
VisualStudioVersion = 17.9.34622.214
MinimumVisualStudioVersion = 10.0.40219.1
Project("{FAE04EC0-301F-11D3-BF4B-00C04F79EFBC}") = "LOGIN AND REGISTER", "LOGIN\LOGIN AND REGISTER.csproj", "{39A8BADC-38F0-4D6B-8D56-0D212EF216AE}"
EndProject
Global
	GlobalSection(SolutionConfigurationPlatforms) = preSolution
		Debug|Any CPU = Debug|Any CPU
		Release|Any CPU = Release|Any CPU
	EndGlobalSection
	GlobalSection(ProjectConfigurationPlatforms) = postSolution
		{39A8BADC-38F0-4D6B-8D56-0D212EF216AE}.Debug|Any CPU.ActiveCfg = Debug|Any CPU
		{39A8BADC-38F0-4D6B-8D56-0D212EF216AE}.Debug|Any CPU.Build.0 = Debug|Any CPU
		{39A8BADC-38F0-4D6B-8D56-0D212EF216AE}.Release|Any CPU.ActiveCfg = Release|Any CPU
		{39A8BADC-38F0-4D6B-8D56-0D212EF216AE}.Release|Any CPU.Build.0 = Release|Any CPU
	EndGlobalSection
	GlobalSection(SolutionProperties) = preSolution
		HideSolutionNode = FALSE
	EndGlobalSection
	GlobalSection(ExtensibilityGlobals) = postSolution
		SolutionGuid = {86E51B0A-7BEC-44FC-B62A-BBF63A3C7E31}
	EndGlobalSection
EndGlobal
